
Microsoft Visual Studio Solution File, Format Version 12.00
# Visual Studio Version 16
VisualStudioVersion = 16.0.32802.440
MinimumVisualStudioVersion = 10.0.40219.1
Project("{FAE04EC0-301F-11D3-BF4B-00C04F79EFBC}") = "FileManagerWindowForm", "FileManagerWindowForm\FileManagerWindowForm.csproj", "{AFD85F0E-5F55-4B55-B303-B51C660CE3DD}"
EndProject
Global
	GlobalSection(SolutionConfigurationPlatforms) = preSolution
		Debug|Any CPU = Debug|Any CPU
		Release|Any CPU = Release|Any CPU
	EndGlobalSection
	GlobalSection(ProjectConfigurationPlatforms) = postSolution
		{AFD85F0E-5F55-4B55-B303-B51C660CE3DD}.Debug|Any CPU.ActiveCfg = Debug|Any CPU
		{AFD85F0E-5F55-4B55-B303-B51C660CE3DD}.Debug|Any CPU.Build.0 = Debug|Any CPU
		{AFD85F0E-5F55-4B55-B303-B51C660CE3DD}.Release|Any CPU.ActiveCfg = Release|Any CPU
		{AFD85F0E-5F55-4B55-B303-B51C660CE3DD}.Release|Any CPU.Build.0 = Release|Any CPU
	EndGlobalSection
	GlobalSection(SolutionProperties) = preSolution
		HideSolutionNode = FALSE
	EndGlobalSection
	GlobalSection(ExtensibilityGlobals) = postSolution
		SolutionGuid = {454DB783-BEEF-4BC9-AD12-46E8B1E0CB48}
	EndGlobalSection
EndGlobal
